{
  "name": "noproblem-pws",
  "version": "1.0.0",
  "lockfileVersion": 3,
  "requires": true,
  "packages": {
    "": {
      "name": "noproblem-pws",
      "version": "1.0.0",
      "dependencies": {
        "@google/genai": "^0.1.1"
      }
    },
    "node_modules/@google/genai": {
      "version": "0.1.1",
      "resolved": "https://registry.npmjs.org/@google/genai/-/genai-0.1.1.tgz",
      "integrity": "sha512-+K2D42xWlH1Bki7854n25F3bX3gJb8K8dD6L546pPzL7x027b583m46K/B8b525j==",
      "engines": {
        "node": ">=18.0.0"
      }
    }
  }
}
